
Microsoft Visual Studio Solution File, Format Version 12.00
# Visual Studio Version 16
VisualStudioVersion = 16.0.30503.244
MinimumVisualStudioVersion = 10.0.40219.1
Project("{888888A0-9F3D-457C-B088-3A5042F75D52}") = "LearningDjango", "LearningDjango\LearningDjango.pyproj", "{3108BB04-1AF8-48FF-B5CF-524391D0C9F9}"
EndProject
Global
	GlobalSection(SolutionConfigurationPlatforms) = preSolution
		Debug|Any CPU = Debug|Any CPU
		Release|Any CPU = Release|Any CPU
	EndGlobalSection
	GlobalSection(ProjectConfigurationPlatforms) = postSolution
		{3108BB04-1AF8-48FF-B5CF-524391D0C9F9}.Debug|Any CPU.ActiveCfg = Debug|Any CPU
		{3108BB04-1AF8-48FF-B5CF-524391D0C9F9}.Debug|Any CPU.Build.0 = Debug|Any CPU
		{3108BB04-1AF8-48FF-B5CF-524391D0C9F9}.Release|Any CPU.ActiveCfg = Release|Any CPU
		{3108BB04-1AF8-48FF-B5CF-524391D0C9F9}.Release|Any CPU.Build.0 = Release|Any CPU
	EndGlobalSection
	GlobalSection(SolutionProperties) = preSolution
		HideSolutionNode = FALSE
	EndGlobalSection
	GlobalSection(ExtensibilityGlobals) = postSolution
		SolutionGuid = {D6FB96A1-7735-4E0E-8676-9FDB5074BA1F}
	EndGlobalSection
EndGlobal
